
Microsoft Visual Studio Solution File, Format Version 12.00
# Visual Studio Version 17
VisualStudioVersion = 17.14.36202.13
MinimumVisualStudioVersion = 10.0.40219.1
Project("{888888A0-9F3D-457C-B088-3A5042F75D52}") = "DemoStreamlit", "DemoStreamlit\DemoStreamlit.pyproj", "{45D9C2A0-D112-4103-8B05-8DFB85FD6FC8}"
EndProject
Project("{888888A0-9F3D-457C-B088-3A5042F75D52}") = "score_app", "score_app\score_app.pyproj", "{703B47A1-B6ED-428D-BC28-14227C4ECD31}"
EndProject
Global
	GlobalSection(SolutionConfigurationPlatforms) = preSolution
		Debug|Any CPU = Debug|Any CPU
		Release|Any CPU = Release|Any CPU
	EndGlobalSection
	GlobalSection(ProjectConfigurationPlatforms) = postSolution
		{45D9C2A0-D112-4103-8B05-8DFB85FD6FC8}.Debug|Any CPU.ActiveCfg = Debug|Any CPU
		{45D9C2A0-D112-4103-8B05-8DFB85FD6FC8}.Release|Any CPU.ActiveCfg = Release|Any CPU
		{703B47A1-B6ED-428D-BC28-14227C4ECD31}.Debug|Any CPU.ActiveCfg = Debug|Any CPU
		{703B47A1-B6ED-428D-BC28-14227C4ECD31}.Release|Any CPU.ActiveCfg = Release|Any CPU
	EndGlobalSection
	GlobalSection(SolutionProperties) = preSolution
		HideSolutionNode = FALSE
	EndGlobalSection
	GlobalSection(ExtensibilityGlobals) = postSolution
		SolutionGuid = {31B598C2-551A-43D7-AFD4-5EBEF5D5A80B}
	EndGlobalSection
EndGlobal
